schema: '2.0'
stages:
  get_data:
    cmd: python3 data_scraping.py
    deps:
    - path: data_scraping.py
      hash: md5
      md5: 4fde805f33d3be5535a88fe63cafff47
      size: 2955
    outs:
    - path: air_quality_data.csv
      hash: md5
      md5: ff7b1a78260bfefba2036452814f12b3
      size: 60189
  process:
    cmd: python3 data_preprocess.py
    deps:
    - path: air_quality_data.csv
      hash: md5
      md5: ff7b1a78260bfefba2036452814f12b3
      size: 60189
    - path: data_preprocess.py
      hash: md5
      md5: bdf521f50e917d6631a2663cedec3a32
      size: 4013
    outs:
    - path: data_processed.csv
      hash: md5
      md5: 0e8a8c88a616f5b8f9678ce861cb979d
      size: 11319
    - path: test_data.csv
      hash: md5
      md5: af647a0b4ca1d8477fd6e9a786f276fa
      size: 1060
  train:
    cmd: python3 model_train.py
    deps:
    - path: data_processed.csv
      hash: md5
      md5: 0e8a8c88a616f5b8f9678ce861cb979d
      size: 11319
    - path: model_train.py
      hash: md5
      md5: 8ea8ae7db7621d1bde7b5a666a2910c2
      size: 2530
    - path: test_data.csv
      hash: md5
      md5: af647a0b4ca1d8477fd6e9a786f276fa
      size: 1060
    outs:
    - path: Predicted_Data.csv
      hash: md5
      md5: 4436bde44493d3f4b6d24221ed75168c
      size: 2014
    - path: h2o_model
      hash: md5
      md5: 438981ae2c14607aa4114c7529d9ba64.dir
      size: 1189904
      nfiles: 1
    - path: metrics.txt
      hash: md5
      md5: ec6422f61c29b09a7a43cf1354bc0fe2
      size: 2935
