schema: '2.0'
stages:
  get_data:
    cmd: python3 data_scraping.py
    deps:
    - path: data_scraping.py
      hash: md5
      md5: 4fde805f33d3be5535a88fe63cafff47
      size: 2955
    outs:
    - path: air_quality_data.csv
      hash: md5
      md5: 60736ecac591d032484f5e5c28630a18
      size: 60055
  process:
    cmd: python3 data_preprocess.py
    deps:
    - path: air_quality_data.csv
      hash: md5
      md5: 60736ecac591d032484f5e5c28630a18
      size: 60055
    - path: data_preprocess.py
      hash: md5
      md5: bdf521f50e917d6631a2663cedec3a32
      size: 4013
    outs:
    - path: data_processed.csv
      hash: md5
      md5: 7a24d0c5e3a0017c2d4a28bda46c618a
      size: 11488
    - path: test_data.csv
      hash: md5
      md5: 7dc1a5f185b71f9ba76feec0bc49e338
      size: 916
  train:
    cmd: python3 model_train.py
    deps:
    - path: data_processed.csv
      hash: md5
      md5: 7a24d0c5e3a0017c2d4a28bda46c618a
      size: 11488
    - path: model_train.py
      hash: md5
      md5: 8ea8ae7db7621d1bde7b5a666a2910c2
      size: 2530
    - path: test_data.csv
      hash: md5
      md5: 7dc1a5f185b71f9ba76feec0bc49e338
      size: 916
    outs:
    - path: Predicted_Data.csv
      hash: md5
      md5: 3d7bca04d1a8ad3eee8a37879c8157be
      size: 1747
    - path: h2o_model
      hash: md5
      md5: c1fee74b544b26b32b86cd10e8e87e41.dir
      size: 2129710
      nfiles: 1
    - path: metrics.txt
      hash: md5
      md5: 0224eb1a3fcfdd840d2697ce66fdf469
      size: 6813
